
Microsoft Visual Studio Solution File, Format Version 12.00
# Visual Studio 15
VisualStudioVersion = 15.0.27703.2042
MinimumVisualStudioVersion = 10.0.40219.1
Project("{FAE04EC0-301F-11D3-BF4B-00C04F79EFBC}") = "ExercicioCsharp01", "ExercicioCsharp01\ExercicioCsharp01.csproj", "{0594D1D4-BFF1-4756-ADD4-476D231DE3EF}"
EndProject
Global
	GlobalSection(SolutionConfigurationPlatforms) = preSolution
		Debug|Any CPU = Debug|Any CPU
		Release|Any CPU = Release|Any CPU
	EndGlobalSection
	GlobalSection(ProjectConfigurationPlatforms) = postSolution
		{0594D1D4-BFF1-4756-ADD4-476D231DE3EF}.Debug|Any CPU.ActiveCfg = Debug|Any CPU
		{0594D1D4-BFF1-4756-ADD4-476D231DE3EF}.Debug|Any CPU.Build.0 = Debug|Any CPU
		{0594D1D4-BFF1-4756-ADD4-476D231DE3EF}.Release|Any CPU.ActiveCfg = Release|Any CPU
		{0594D1D4-BFF1-4756-ADD4-476D231DE3EF}.Release|Any CPU.Build.0 = Release|Any CPU
	EndGlobalSection
	GlobalSection(SolutionProperties) = preSolution
		HideSolutionNode = FALSE
	EndGlobalSection
	GlobalSection(ExtensibilityGlobals) = postSolution
		SolutionGuid = {87C10786-D571-44D2-8A9B-8E5CD139ED2A}
	EndGlobalSection
EndGlobal
